// !$*UTF8*$!
{
	archiveVersion = 1;
	classes = {
	};
	objectVersion = 51;
	objects = {

/* Begin PBXBuildFile section */
		9204311626260EAE00783ED5 /* UITextField.swift in Sources */ = {isa = PBXBuildFile; fileRef = 9204311526260EAE00783ED5 /* UITextField.swift */; };
		924F09F9262696EB00E19EDE /* HomeViewController.swift in Sources */ = {isa = PBXBuildFile; fileRef = 924F09F8262696EB00E19EDE /* HomeViewController.swift */; };
		92572A76261978E5008D73C3 /* AppDelegate.swift in Sources */ = {isa = PBXBuildFile; fileRef = 92572A75261978E5008D73C3 /* AppDelegate.swift */; };
		92572A78261978E5008D73C3 /* SceneDelegate.swift in Sources */ = {isa = PBXBuildFile; fileRef = 92572A77261978E5008D73C3 /* SceneDelegate.swift */; };
		92572A7A261978E5008D73C3 /* ViewController.swift in Sources */ = {isa = PBXBuildFile; fileRef = 92572A79261978E5008D73C3 /* ViewController.swift */; };
		92572A7D261978E5008D73C3 /* Main.storyboard in Resources */ = {isa = PBXBuildFile; fileRef = 92572A7B261978E5008D73C3 /* Main.storyboard */; };
		92572A7F261978E5008D73C3 /* Assets.xcassets in Resources */ = {isa = PBXBuildFile; fileRef = 92572A7E261978E5008D73C3 /* Assets.xcassets */; };
		92572A82261978E5008D73C3 /* LaunchScreen.storyboard in Resources */ = {isa = PBXBuildFile; fileRef = 92572A80261978E5008D73C3 /* LaunchScreen.storyboard */; };
		92572AAE26197D24008D73C3 /* ConfirmViewController.swift in Sources */ = {isa = PBXBuildFile; fileRef = 92572AAD26197D24008D73C3 /* ConfirmViewController.swift */; };
		92572AB626197D95008D73C3 /* SignUpViewController.swift in Sources */ = {isa = PBXBuildFile; fileRef = 92572AB526197D95008D73C3 /* SignUpViewController.swift */; };
		9286104A2622A2E1006A1CC7 /* ProfileViewController.swift in Sources */ = {isa = PBXBuildFile; fileRef = 928610492622A2E1006A1CC7 /* ProfileViewController.swift */; };
		928610552622A863006A1CC7 /* KakaoMain.storyboard in Resources */ = {isa = PBXBuildFile; fileRef = 928610542622A863006A1CC7 /* KakaoMain.storyboard */; };
		928610602622AACC006A1CC7 /* Chat.storyboard in Resources */ = {isa = PBXBuildFile; fileRef = 9286105F2622AACC006A1CC7 /* Chat.storyboard */; };
		928610752622B8FE006A1CC7 /* HashTag.storyboard in Resources */ = {isa = PBXBuildFile; fileRef = 928610742622B8FE006A1CC7 /* HashTag.storyboard */; };
		9286107A2622B921006A1CC7 /* Shopping.storyboard in Resources */ = {isa = PBXBuildFile; fileRef = 928610792622B921006A1CC7 /* Shopping.storyboard */; };
		9286107F2622B934006A1CC7 /* More.storyboard in Resources */ = {isa = PBXBuildFile; fileRef = 9286107E2622B934006A1CC7 /* More.storyboard */; };
		9287E14F263EEB300022A66B /* FriendDataModel.swift in Sources */ = {isa = PBXBuildFile; fileRef = 9287E14E263EEB300022A66B /* FriendDataModel.swift */; };
		9287E154263EED290022A66B /* FriendListCell.swift in Sources */ = {isa = PBXBuildFile; fileRef = 9287E153263EED290022A66B /* FriendListCell.swift */; };
		9287E157263EED4B0022A66B /* MyProfileCell.swift in Sources */ = {isa = PBXBuildFile; fileRef = 9287E156263EED4B0022A66B /* MyProfileCell.swift */; };
		9287E15C263EF9EA0022A66B /* MoreViewController.swift in Sources */ = {isa = PBXBuildFile; fileRef = 9287E15B263EF9EA0022A66B /* MoreViewController.swift */; };
		9287E16E263F11A60022A66B /* MoreListCollectionViewCell.swift in Sources */ = {isa = PBXBuildFile; fileRef = 9287E16D263F11A60022A66B /* MoreListCollectionViewCell.swift */; };
		9287E171263F14D30022A66B /* MoreDataModel.swift in Sources */ = {isa = PBXBuildFile; fileRef = 9287E170263F14D30022A66B /* MoreDataModel.swift */; };
		92F43DC0264BB8F900A14A2C /* APIConstants.swift in Sources */ = {isa = PBXBuildFile; fileRef = 92F43DBF264BB8F900A14A2C /* APIConstants.swift */; };
		92F43DC4264BB92A00A14A2C /* NetworkResult.swift in Sources */ = {isa = PBXBuildFile; fileRef = 92F43DC3264BB92A00A14A2C /* NetworkResult.swift */; };
		92F43DC9264BBAC000A14A2C /* LoginDataModel.swift in Sources */ = {isa = PBXBuildFile; fileRef = 92F43DC8264BBAC000A14A2C /* LoginDataModel.swift */; };
		92F43DCC264BBB5D00A14A2C /* LoginService.swift in Sources */ = {isa = PBXBuildFile; fileRef = 92F43DCB264BBB5D00A14A2C /* LoginService.swift */; };
		92F43DCF264BBBB000A14A2C /* UIViewController+makeAlert.swift in Sources */ = {isa = PBXBuildFile; fileRef = 92F43DCE264BBBB000A14A2C /* UIViewController+makeAlert.swift */; };
		92F43DD2264BC46D00A14A2C /* SignupService.swift in Sources */ = {isa = PBXBuildFile; fileRef = 92F43DD1264BC46D00A14A2C /* SignupService.swift */; };
		92F43DD6264BC6C300A14A2C /* SignupDataModel.swift in Sources */ = {isa = PBXBuildFile; fileRef = 92F43DD5264BC6C300A14A2C /* SignupDataModel.swift */; };
		92F43DDA264BCAC600A14A2C /* makeImagePreview.swift in Sources */ = {isa = PBXBuildFile; fileRef = 92F43DD9264BCAC600A14A2C /* makeImagePreview.swift */; };
		B867DB209F913928F6433D06 /* Pods_AssignmentWeek1.framework in Frameworks */ = {isa = PBXBuildFile; fileRef = 0771E4F0C581220C0A22311E /* Pods_AssignmentWeek1.framework */; };
/* End PBXBuildFile section */

/* Begin PBXFileReference section */
		0771E4F0C581220C0A22311E /* Pods_AssignmentWeek1.framework */ = {isa = PBXFileReference; explicitFileType = wrapper.framework; includeInIndex = 0; path = Pods_AssignmentWeek1.framework; sourceTree = BUILT_PRODUCTS_DIR; };
		3435DFA734F4955B525B572D /* Pods-AssignmentWeek1.release.xcconfig */ = {isa = PBXFileReference; includeInIndex = 1; lastKnownFileType = text.xcconfig; name = "Pods-AssignmentWeek1.release.xcconfig"; path = "Target Support Files/Pods-AssignmentWeek1/Pods-AssignmentWeek1.release.xcconfig"; sourceTree = "<group>"; };
		81673CFAA9B600E617ED0EEA /* Pods-AssignmentWeek1.debug.xcconfig */ = {isa = PBXFileReference; includeInIndex = 1; lastKnownFileType = text.xcconfig; name = "Pods-AssignmentWeek1.debug.xcconfig"; path = "Target Support Files/Pods-AssignmentWeek1/Pods-AssignmentWeek1.debug.xcconfig"; sourceTree = "<group>"; };
		9204311526260EAE00783ED5 /* UITextField.swift */ = {isa = PBXFileReference; lastKnownFileType = sourcecode.swift; name = UITextField.swift; path = AssignmentWeek1/Sources/Extensions/UITextField.swift; sourceTree = SOURCE_ROOT; };
		924F09F8262696EB00E19EDE /* HomeViewController.swift */ = {isa = PBXFileReference; fileEncoding = 4; lastKnownFileType = sourcecode.swift; path = HomeViewController.swift; sourceTree = "<group>"; };
		92572A72261978E5008D73C3 /* AssignmentWeek1.app */ = {isa = PBXFileReference; explicitFileType = wrapper.application; includeInIndex = 0; path = AssignmentWeek1.app; sourceTree = BUILT_PRODUCTS_DIR; };
		92572A75261978E5008D73C3 /* AppDelegate.swift */ = {isa = PBXFileReference; lastKnownFileType = sourcecode.swift; path = AppDelegate.swift; sourceTree = "<group>"; };
		92572A77261978E5008D73C3 /* SceneDelegate.swift */ = {isa = PBXFileReference; lastKnownFileType = sourcecode.swift; path = SceneDelegate.swift; sourceTree = "<group>"; };
		92572A79261978E5008D73C3 /* ViewController.swift */ = {isa = PBXFileReference; lastKnownFileType = sourcecode.swift; path = ViewController.swift; sourceTree = "<group>"; };
		92572A7C261978E5008D73C3 /* Base */ = {isa = PBXFileReference; lastKnownFileType = file.storyboard; name = Base; path = Base.lproj/Main.storyboard; sourceTree = "<group>"; };
		92572A7E261978E5008D73C3 /* Assets.xcassets */ = {isa = PBXFileReference; lastKnownFileType = folder.assetcatalog; path = Assets.xcassets; sourceTree = "<group>"; };
		92572A81261978E5008D73C3 /* Base */ = {isa = PBXFileReference; lastKnownFileType = file.storyboard; name = Base; path = Base.lproj/LaunchScreen.storyboard; sourceTree = "<group>"; };
		92572A83261978E5008D73C3 /* Info.plist */ = {isa = PBXFileReference; lastKnownFileType = text.plist.xml; path = Info.plist; sourceTree = "<group>"; };
		92572AAD26197D24008D73C3 /* ConfirmViewController.swift */ = {isa = PBXFileReference; lastKnownFileType = sourcecode.swift; path = ConfirmViewController.swift; sourceTree = "<group>"; };
		92572AB526197D95008D73C3 /* SignUpViewController.swift */ = {isa = PBXFileReference; lastKnownFileType = sourcecode.swift; path = SignUpViewController.swift; sourceTree = "<group>"; };
		928610492622A2E1006A1CC7 /* ProfileViewController.swift */ = {isa = PBXFileReference; lastKnownFileType = sourcecode.swift; path = ProfileViewController.swift; sourceTree = "<group>"; };
		928610542622A863006A1CC7 /* KakaoMain.storyboard */ = {isa = PBXFileReference; lastKnownFileType = file.storyboard; path = KakaoMain.storyboard; sourceTree = "<group>"; };
		9286105F2622AACC006A1CC7 /* Chat.storyboard */ = {isa = PBXFileReference; lastKnownFileType = file.storyboard; path = Chat.storyboard; sourceTree = "<group>"; };
		928610742622B8FE006A1CC7 /* HashTag.storyboard */ = {isa = PBXFileReference; lastKnownFileType = file.storyboard; path = HashTag.storyboard; sourceTree = "<group>"; };
		928610792622B921006A1CC7 /* Shopping.storyboard */ = {isa = PBXFileReference; lastKnownFileType = file.storyboard; path = Shopping.storyboard; sourceTree = "<group>"; };
		9286107E2622B934006A1CC7 /* More.storyboard */ = {isa = PBXFileReference; lastKnownFileType = file.storyboard; path = More.storyboard; sourceTree = "<group>"; };
		9287E14E263EEB300022A66B /* FriendDataModel.swift */ = {isa = PBXFileReference; lastKnownFileType = sourcecode.swift; path = FriendDataModel.swift; sourceTree = "<group>"; };
		9287E153263EED290022A66B /* FriendListCell.swift */ = {isa = PBXFileReference; lastKnownFileType = sourcecode.swift; path = FriendListCell.swift; sourceTree = "<group>"; };
		9287E156263EED4B0022A66B /* MyProfileCell.swift */ = {isa = PBXFileReference; lastKnownFileType = sourcecode.swift; path = MyProfileCell.swift; sourceTree = "<group>"; };
		9287E15B263EF9EA0022A66B /* MoreViewController.swift */ = {isa = PBXFileReference; lastKnownFileType = sourcecode.swift; path = MoreViewController.swift; sourceTree = "<group>"; };
		9287E16D263F11A60022A66B /* MoreListCollectionViewCell.swift */ = {isa = PBXFileReference; lastKnownFileType = sourcecode.swift; path = MoreListCollectionViewCell.swift; sourceTree = "<group>"; };
		9287E170263F14D30022A66B /* MoreDataModel.swift */ = {isa = PBXFileReference; lastKnownFileType = sourcecode.swift; path = MoreDataModel.swift; sourceTree = "<group>"; };
		92F43DBF264BB8F900A14A2C /* APIConstants.swift */ = {isa = PBXFileReference; lastKnownFileType = sourcecode.swift; path = APIConstants.swift; sourceTree = "<group>"; };
		92F43DC3264BB92A00A14A2C /* NetworkResult.swift */ = {isa = PBXFileReference; lastKnownFileType = sourcecode.swift; path = NetworkResult.swift; sourceTree = "<group>"; };
		92F43DC8264BBAC000A14A2C /* LoginDataModel.swift */ = {isa = PBXFileReference; lastKnownFileType = sourcecode.swift; path = LoginDataModel.swift; sourceTree = "<group>"; };
		92F43DCB264BBB5D00A14A2C /* LoginService.swift */ = {isa = PBXFileReference; lastKnownFileType = sourcecode.swift; path = LoginService.swift; sourceTree = "<group>"; };
		92F43DCE264BBBB000A14A2C /* UIViewController+makeAlert.swift */ = {isa = PBXFileReference; lastKnownFileType = sourcecode.swift; path = "UIViewController+makeAlert.swift"; sourceTree = "<group>"; };
		92F43DD1264BC46D00A14A2C /* SignupService.swift */ = {isa = PBXFileReference; lastKnownFileType = sourcecode.swift; path = SignupService.swift; sourceTree = "<group>"; };
		92F43DD5264BC6C300A14A2C /* SignupDataModel.swift */ = {isa = PBXFileReference; lastKnownFileType = sourcecode.swift; name = SignupDataModel.swift; path = AssignmentWeek1/Sources/Models/SignupDataModel.swift; sourceTree = SOURCE_ROOT; };
		92F43DD9264BCAC600A14A2C /* makeImagePreview.swift */ = {isa = PBXFileReference; lastKnownFileType = sourcecode.swift; path = makeImagePreview.swift; sourceTree = "<group>"; };
/* End PBXFileReference section */

/* Begin PBXFrameworksBuildPhase section */
		92572A6F261978E5008D73C3 /* Frameworks */ = {
			isa = PBXFrameworksBuildPhase;
			buildActionMask = 2147483647;
			files = (
				B867DB209F913928F6433D06 /* Pods_AssignmentWeek1.framework in Frameworks */,
			);
			runOnlyForDeploymentPostprocessing = 0;
		};
/* End PBXFrameworksBuildPhase section */

/* Begin PBXGroup section */
		3841339FDAAA10A0423D4949 /* Pods */ = {
			isa = PBXGroup;
			children = (
				81673CFAA9B600E617ED0EEA /* Pods-AssignmentWeek1.debug.xcconfig */,
				3435DFA734F4955B525B572D /* Pods-AssignmentWeek1.release.xcconfig */,
			);
			path = Pods;
			sourceTree = "<group>";
		};
		9204310A2626081000783ED5 /* Sources */ = {
			isa = PBXGroup;
			children = (
				92F43DBE264BB8BB00A14A2C /* Network */,
				92F43DBC264BB78B00A14A2C /* Supports */,
				9287E14C263EE4A30022A66B /* Cells */,
				9229F276262EE57F0087CC72 /* Models */,
				9204311426260E5000783ED5 /* Extensions */,
				920431102626085100783ED5 /* VCs */,
			);
			path = Sources;
			sourceTree = "<group>";
		};
		9204310B2626081700783ED5 /* Resources */ = {
			isa = PBXGroup;
			children = (
				92572A7E261978E5008D73C3 /* Assets.xcassets */,
				9204310C2626082500783ED5 /* Storyboards */,
			);
			path = Resources;
			sourceTree = "<group>";
		};
		9204310C2626082500783ED5 /* Storyboards */ = {
			isa = PBXGroup;
			children = (
				92572A80261978E5008D73C3 /* LaunchScreen.storyboard */,
				9229F270262EDFF40087CC72 /* KakaoSB */,
				9229F26F262EDFE50087CC72 /* LogInSB */,
			);
			path = Storyboards;
			sourceTree = "<group>";
		};
		920431102626085100783ED5 /* VCs */ = {
			isa = PBXGroup;
			children = (
				9229F273262EE1040087CC72 /* KakaoVC */,
				9229F272262EE0F60087CC72 /* LogInVC */,
			);
			path = VCs;
			sourceTree = "<group>";
		};
		9204311426260E5000783ED5 /* Extensions */ = {
			isa = PBXGroup;
			children = (
				9204311526260EAE00783ED5 /* UITextField.swift */,
				92F43DCE264BBBB000A14A2C /* UIViewController+makeAlert.swift */,
			);
			path = Extensions;
			sourceTree = "<group>";
		};
		9229F26F262EDFE50087CC72 /* LogInSB */ = {
			isa = PBXGroup;
			children = (
				92572A7B261978E5008D73C3 /* Main.storyboard */,
			);
			path = LogInSB;
			sourceTree = "<group>";
		};
		9229F270262EDFF40087CC72 /* KakaoSB */ = {
			isa = PBXGroup;
			children = (
				928610542622A863006A1CC7 /* KakaoMain.storyboard */,
				9286105F2622AACC006A1CC7 /* Chat.storyboard */,
				928610742622B8FE006A1CC7 /* HashTag.storyboard */,
				928610792622B921006A1CC7 /* Shopping.storyboard */,
				9286107E2622B934006A1CC7 /* More.storyboard */,
			);
			path = KakaoSB;
			sourceTree = "<group>";
		};
		9229F272262EE0F60087CC72 /* LogInVC */ = {
			isa = PBXGroup;
			children = (
				92572A79261978E5008D73C3 /* ViewController.swift */,
				92572AB526197D95008D73C3 /* SignUpViewController.swift */,
				92572AAD26197D24008D73C3 /* ConfirmViewController.swift */,
			);
			path = LogInVC;
			sourceTree = "<group>";
		};
		9229F273262EE1040087CC72 /* KakaoVC */ = {
			isa = PBXGroup;
			children = (
				924F09F8262696EB00E19EDE /* HomeViewController.swift */,
				928610492622A2E1006A1CC7 /* ProfileViewController.swift */,
				9287E15B263EF9EA0022A66B /* MoreViewController.swift */,
				92F43DD9264BCAC600A14A2C /* makeImagePreview.swift */,
			);
			path = KakaoVC;
			sourceTree = "<group>";
		};
		9229F276262EE57F0087CC72 /* Models */ = {
			isa = PBXGroup;
			children = (
				9287E14E263EEB300022A66B /* FriendDataModel.swift */,
				9287E170263F14D30022A66B /* MoreDataModel.swift */,
				92F43DC8264BBAC000A14A2C /* LoginDataModel.swift */,
				92F43DD5264BC6C300A14A2C /* SignupDataModel.swift */,
			);
			path = Models;
			sourceTree = "<group>";
		};
		92572A69261978E5008D73C3 = {
			isa = PBXGroup;
			children = (
				92572A74261978E5008D73C3 /* AssignmentWeek1 */,
				92572A73261978E5008D73C3 /* Products */,
				3841339FDAAA10A0423D4949 /* Pods */,
				F8E09AB7788F322D1D8AEDD5 /* Frameworks */,
			);
			sourceTree = "<group>";
		};
		92572A73261978E5008D73C3 /* Products */ = {
			isa = PBXGroup;
			children = (
				92572A72261978E5008D73C3 /* AssignmentWeek1.app */,
			);
			name = Products;
			sourceTree = "<group>";
		};
		92572A74261978E5008D73C3 /* AssignmentWeek1 */ = {
			isa = PBXGroup;
			children = (
				92572A83261978E5008D73C3 /* Info.plist */,
				9204310B2626081700783ED5 /* Resources */,
				9204310A2626081000783ED5 /* Sources */,
			);
			path = AssignmentWeek1;
			sourceTree = "<group>";
		};
		9287E14C263EE4A30022A66B /* Cells */ = {
			isa = PBXGroup;
			children = (
				9287E156263EED4B0022A66B /* MyProfileCell.swift */,
				9287E153263EED290022A66B /* FriendListCell.swift */,
				9287E16D263F11A60022A66B /* MoreListCollectionViewCell.swift */,
			);
			path = Cells;
			sourceTree = "<group>";
		};
		92F43DBC264BB78B00A14A2C /* Supports */ = {
			isa = PBXGroup;
			children = (
				92572A75261978E5008D73C3 /* AppDelegate.swift */,
				92572A77261978E5008D73C3 /* SceneDelegate.swift */,
			);
			path = Supports;
			sourceTree = "<group>";
		};
		92F43DBE264BB8BB00A14A2C /* Network */ = {
			isa = PBXGroup;
			children = (
				92F43DBF264BB8F900A14A2C /* APIConstants.swift */,
				92F43DC3264BB92A00A14A2C /* NetworkResult.swift */,
				92F43DCB264BBB5D00A14A2C /* LoginService.swift */,
				92F43DD1264BC46D00A14A2C /* SignupService.swift */,
			);
			path = Network;
			sourceTree = "<group>";
		};
		F8E09AB7788F322D1D8AEDD5 /* Frameworks */ = {
			isa = PBXGroup;
			children = (
				0771E4F0C581220C0A22311E /* Pods_AssignmentWeek1.framework */,
			);
			name = Frameworks;
			sourceTree = "<group>";
		};
/* End PBXGroup section */

/* Begin PBXNativeTarget section */
		92572A71261978E5008D73C3 /* AssignmentWeek1 */ = {
			isa = PBXNativeTarget;
			buildConfigurationList = 92572A9C261978E6008D73C3 /* Build configuration list for PBXNativeTarget "AssignmentWeek1" */;
			buildPhases = (
				B874A28F9A6176EC34129073 /* [CP] Check Pods Manifest.lock */,
				92572A6E261978E5008D73C3 /* Sources */,
				92572A6F261978E5008D73C3 /* Frameworks */,
				92572A70261978E5008D73C3 /* Resources */,
				0735FE26C2C99FB8A37FFF00 /* [CP] Embed Pods Frameworks */,
			);
			buildRules = (
			);
			dependencies = (
			);
			name = AssignmentWeek1;
			productName = AssignmentWeek1;
			productReference = 92572A72261978E5008D73C3 /* AssignmentWeek1.app */;
			productType = "com.apple.product-type.application";
		};
/* End PBXNativeTarget section */

/* Begin PBXProject section */
		92572A6A261978E5008D73C3 /* Project object */ = {
			isa = PBXProject;
			attributes = {
				LastSwiftUpdateCheck = 1240;
				LastUpgradeCheck = 1240;
				TargetAttributes = {
					92572A71261978E5008D73C3 = {
						CreatedOnToolsVersion = 12.4;
					};
				};
			};
			buildConfigurationList = 92572A6D261978E5008D73C3 /* Build configuration list for PBXProject "AssignmentWeek1" */;
			compatibilityVersion = "Xcode 9.3";
			developmentRegion = en;
			hasScannedForEncodings = 0;
			knownRegions = (
				en,
				Base,
			);
			mainGroup = 92572A69261978E5008D73C3;
			productRefGroup = 92572A73261978E5008D73C3 /* Products */;
			projectDirPath = "";
			projectRoot = "";
			targets = (
				92572A71261978E5008D73C3 /* AssignmentWeek1 */,
			);
		};
/* End PBXProject section */

/* Begin PBXResourcesBuildPhase section */
		92572A70261978E5008D73C3 /* Resources */ = {
			isa = PBXResourcesBuildPhase;
			buildActionMask = 2147483647;
			files = (
				92572A82261978E5008D73C3 /* LaunchScreen.storyboard in Resources */,
				92572A7F261978E5008D73C3 /* Assets.xcassets in Resources */,
				9286107A2622B921006A1CC7 /* Shopping.storyboard in Resources */,
				928610752622B8FE006A1CC7 /* HashTag.storyboard in Resources */,
				9286107F2622B934006A1CC7 /* More.storyboard in Resources */,
				928610602622AACC006A1CC7 /* Chat.storyboard in Resources */,
				928610552622A863006A1CC7 /* KakaoMain.storyboard in Resources */,
				92572A7D261978E5008D73C3 /* Main.storyboard in Resources */,
			);
			runOnlyForDeploymentPostprocessing = 0;
		};
/* End PBXResourcesBuildPhase section */

/* Begin PBXShellScriptBuildPhase section */
		0735FE26C2C99FB8A37FFF00 /* [CP] Embed Pods Frameworks */ = {
			isa = PBXShellScriptBuildPhase;
			buildActionMask = 2147483647;
			files = (
			);
			inputFileListPaths = (
				"${PODS_ROOT}/Target Support Files/Pods-AssignmentWeek1/Pods-AssignmentWeek1-frameworks-${CONFIGURATION}-input-files.xcfilelist",
			);
			name = "[CP] Embed Pods Frameworks";
			outputFileListPaths = (
				"${PODS_ROOT}/Target Support Files/Pods-AssignmentWeek1/Pods-AssignmentWeek1-frameworks-${CONFIGURATION}-output-files.xcfilelist",
			);
			runOnlyForDeploymentPostprocessing = 0;
			shellPath = /bin/sh;
			shellScript = "\"${PODS_ROOT}/Target Support Files/Pods-AssignmentWeek1/Pods-AssignmentWeek1-frameworks.sh\"\n";
			showEnvVarsInLog = 0;
		};
		B874A28F9A6176EC34129073 /* [CP] Check Pods Manifest.lock */ = {
			isa = PBXShellScriptBuildPhase;
			buildActionMask = 2147483647;
			files = (
			);
			inputFileListPaths = (
			);
			inputPaths = (
				"${PODS_PODFILE_DIR_PATH}/Podfile.lock",
				"${PODS_ROOT}/Manifest.lock",
			);
			name = "[CP] Check Pods Manifest.lock";
			outputFileListPaths = (
			);
			outputPaths = (
				"$(DERIVED_FILE_DIR)/Pods-AssignmentWeek1-checkManifestLockResult.txt",
			);
			runOnlyForDeploymentPostprocessing = 0;
			shellPath = /bin/sh;
			shellScript = "diff \"${PODS_PODFILE_DIR_PATH}/Podfile.lock\" \"${PODS_ROOT}/Manifest.lock\" > /dev/null\nif [ $? != 0 ] ; then\n    # print error to STDERR\n    echo \"error: The sandbox is not in sync with the Podfile.lock. Run 'pod install' or update your CocoaPods installation.\" >&2\n    exit 1\nfi\n# This output is used by Xcode 'outputs' to avoid re-running this script phase.\necho \"SUCCESS\" > \"${SCRIPT_OUTPUT_FILE_0}\"\n";
			showEnvVarsInLog = 0;
		};
/* End PBXShellScriptBuildPhase section */

/* Begin PBXSourcesBuildPhase section */
		92572A6E261978E5008D73C3 /* Sources */ = {
			isa = PBXSourcesBuildPhase;
			buildActionMask = 2147483647;
			files = (
				92572AAE26197D24008D73C3 /* ConfirmViewController.swift in Sources */,
				92F43DD2264BC46D00A14A2C /* SignupService.swift in Sources */,
				92572AB626197D95008D73C3 /* SignUpViewController.swift in Sources */,
				9287E16E263F11A60022A66B /* MoreListCollectionViewCell.swift in Sources */,
				92F43DCF264BBBB000A14A2C /* UIViewController+makeAlert.swift in Sources */,
				92572A7A261978E5008D73C3 /* ViewController.swift in Sources */,
				924F09F9262696EB00E19EDE /* HomeViewController.swift in Sources */,
				9287E14F263EEB300022A66B /* FriendDataModel.swift in Sources */,
				9287E171263F14D30022A66B /* MoreDataModel.swift in Sources */,
				92F43DC4264BB92A00A14A2C /* NetworkResult.swift in Sources */,
				9204311626260EAE00783ED5 /* UITextField.swift in Sources */,
				92572A76261978E5008D73C3 /* AppDelegate.swift in Sources */,
				9287E157263EED4B0022A66B /* MyProfileCell.swift in Sources */,
				92F43DD6264BC6C300A14A2C /* SignupDataModel.swift in Sources */,
				9287E154263EED290022A66B /* FriendListCell.swift in Sources */,
				92F43DC9264BBAC000A14A2C /* LoginDataModel.swift in Sources */,
				92F43DCC264BBB5D00A14A2C /* LoginService.swift in Sources */,
				92F43DDA264BCAC600A14A2C /* makeImagePreview.swift in Sources */,
				92F43DC0264BB8F900A14A2C /* APIConstants.swift in Sources */,
				9287E15C263EF9EA0022A66B /* MoreViewController.swift in Sources */,
				9286104A2622A2E1006A1CC7 /* ProfileViewController.swift in Sources */,
				92572A78261978E5008D73C3 /* SceneDelegate.swift in Sources */,
			);
			runOnlyForDeploymentPostprocessing = 0;
		};
/* End PBXSourcesBuildPhase section */

/* Begin PBXVariantGroup section */
		92572A7B261978E5008D73C3 /* Main.storyboard */ = {
			isa = PBXVariantGroup;
			children = (
				92572A7C261978E5008D73C3 /* Base */,
			);
			name = Main.storyboard;
			sourceTree = "<group>";
		};
		92572A80261978E5008D73C3 /* LaunchScreen.storyboard */ = {
			isa = PBXVariantGroup;
			children = (
				92572A81261978E5008D73C3 /* Base */,
			);
			name = LaunchScreen.storyboard;
			sourceTree = "<group>";
		};
/* End PBXVariantGroup section */

/* Begin XCBuildConfiguration section */
		92572A9A261978E6008D73C3 /* Debug */ = {
			isa = XCBuildConfiguration;
			buildSettings = {
				ALWAYS_SEARCH_USER_PATHS = NO;
				CLANG_ANALYZER_NONNULL = YES;
				CLANG_ANALYZER_NUMBER_OBJECT_CONVERSION = YES_AGGRESSIVE;
				CLANG_CXX_LANGUAGE_STANDARD = "gnu++14";
				CLANG_CXX_LIBRARY = "libc++";
				CLANG_ENABLE_MODULES = YES;
				CLANG_ENABLE_OBJC_ARC = YES;
				CLANG_ENABLE_OBJC_WEAK = YES;
				CLANG_WARN_BLOCK_CAPTURE_AUTORELEASING = YES;
				CLANG_WARN_BOOL_CONVERSION = YES;
				CLANG_WARN_COMMA = YES;
				CLANG_WARN_CONSTANT_CONVERSION = YES;
				CLANG_WARN_DEPRECATED_OBJC_IMPLEMENTATIONS = YES;
				CLANG_WARN_DIRECT_OBJC_ISA_USAGE = YES_ERROR;
				CLANG_WARN_DOCUMENTATION_COMMENTS = YES;
				CLANG_WARN_EMPTY_BODY = YES;
				CLANG_WARN_ENUM_CONVERSION = YES;
				CLANG_WARN_INFINITE_RECURSION = YES;
				CLANG_WARN_INT_CONVERSION = YES;
				CLANG_WARN_NON_LITERAL_NULL_CONVERSION = YES;
				CLANG_WARN_OBJC_IMPLICIT_RETAIN_SELF = YES;
				CLANG_WARN_OBJC_LITERAL_CONVERSION = YES;
				CLANG_WARN_OBJC_ROOT_CLASS = YES_ERROR;
				CLANG_WARN_QUOTED_INCLUDE_IN_FRAMEWORK_HEADER = YES;
				CLANG_WARN_RANGE_LOOP_ANALYSIS = YES;
				CLANG_WARN_STRICT_PROTOTYPES = YES;
				CLANG_WARN_SUSPICIOUS_MOVE = YES;
				CLANG_WARN_UNGUARDED_AVAILABILITY = YES_AGGRESSIVE;
				CLANG_WARN_UNREACHABLE_CODE = YES;
				CLANG_WARN__DUPLICATE_METHOD_MATCH = YES;
				COPY_PHASE_STRIP = NO;
				DEBUG_INFORMATION_FORMAT = dwarf;
				ENABLE_STRICT_OBJC_MSGSEND = YES;
				ENABLE_TESTABILITY = YES;
				GCC_C_LANGUAGE_STANDARD = gnu11;
				GCC_DYNAMIC_NO_PIC = NO;
				GCC_NO_COMMON_BLOCKS = YES;
				GCC_OPTIMIZATION_LEVEL = 0;
				GCC_PREPROCESSOR_DEFINITIONS = (
					"DEBUG=1",
					"$(inherited)",
				);
				GCC_WARN_64_TO_32_BIT_CONVERSION = YES;
				GCC_WARN_ABOUT_RETURN_TYPE = YES_ERROR;
				GCC_WARN_UNDECLARED_SELECTOR = YES;
				GCC_WARN_UNINITIALIZED_AUTOS = YES_AGGRESSIVE;
				GCC_WARN_UNUSED_FUNCTION = YES;
				GCC_WARN_UNUSED_VARIABLE = YES;
				IPHONEOS_DEPLOYMENT_TARGET = 14.4;
				MTL_ENABLE_DEBUG_INFO = INCLUDE_SOURCE;
				MTL_FAST_MATH = YES;
				ONLY_ACTIVE_ARCH = YES;
				SDKROOT = iphoneos;
				SWIFT_ACTIVE_COMPILATION_CONDITIONS = DEBUG;
				SWIFT_OPTIMIZATION_LEVEL = "-Onone";
			};
			name = Debug;
		};
		92572A9B261978E6008D73C3 /* Release */ = {
			isa = XCBuildConfiguration;
			buildSettings = {
				ALWAYS_SEARCH_USER_PATHS = NO;
				CLANG_ANALYZER_NONNULL = YES;
				CLANG_ANALYZER_NUMBER_OBJECT_CONVERSION = YES_AGGRESSIVE;
				CLANG_CXX_LANGUAGE_STANDARD = "gnu++14";
				CLANG_CXX_LIBRARY = "libc++";
				CLANG_ENABLE_MODULES = YES;
				CLANG_ENABLE_OBJC_ARC = YES;
				CLANG_ENABLE_OBJC_WEAK = YES;
				CLANG_WARN_BLOCK_CAPTURE_AUTORELEASING = YES;
				CLANG_WARN_BOOL_CONVERSION = YES;
				CLANG_WARN_COMMA = YES;
				CLANG_WARN_CONSTANT_CONVERSION = YES;
				CLANG_WARN_DEPRECATED_OBJC_IMPLEMENTATIONS = YES;
				CLANG_WARN_DIRECT_OBJC_ISA_USAGE = YES_ERROR;
				CLANG_WARN_DOCUMENTATION_COMMENTS = YES;
				CLANG_WARN_EMPTY_BODY = YES;
				CLANG_WARN_ENUM_CONVERSION = YES;
				CLANG_WARN_INFINITE_RECURSION = YES;
				CLANG_WARN_INT_CONVERSION = YES;
				CLANG_WARN_NON_LITERAL_NULL_CONVERSION = YES;
				CLANG_WARN_OBJC_IMPLICIT_RETAIN_SELF = YES;
				CLANG_WARN_OBJC_LITERAL_CONVERSION = YES;
				CLANG_WARN_OBJC_ROOT_CLASS = YES_ERROR;
				CLANG_WARN_QUOTED_INCLUDE_IN_FRAMEWORK_HEADER = YES;
				CLANG_WARN_RANGE_LOOP_ANALYSIS = YES;
				CLANG_WARN_STRICT_PROTOTYPES = YES;
				CLANG_WARN_SUSPICIOUS_MOVE = YES;
				CLANG_WARN_UNGUARDED_AVAILABILITY = YES_AGGRESSIVE;
				CLANG_WARN_UNREACHABLE_CODE = YES;
				CLANG_WARN__DUPLICATE_METHOD_MATCH = YES;
				COPY_PHASE_STRIP = NO;
				DEBUG_INFORMATION_FORMAT = "dwarf-with-dsym";
				ENABLE_NS_ASSERTIONS = NO;
				ENABLE_STRICT_OBJC_MSGSEND = YES;
				GCC_C_LANGUAGE_STANDARD = gnu11;
				GCC_NO_COMMON_BLOCKS = YES;
				GCC_WARN_64_TO_32_BIT_CONVERSION = YES;
				GCC_WARN_ABOUT_RETURN_TYPE = YES_ERROR;
				GCC_WARN_UNDECLARED_SELECTOR = YES;
				GCC_WARN_UNINITIALIZED_AUTOS = YES_AGGRESSIVE;
				GCC_WARN_UNUSED_FUNCTION = YES;
				GCC_WARN_UNUSED_VARIABLE = YES;
				IPHONEOS_DEPLOYMENT_TARGET = 14.4;
				MTL_ENABLE_DEBUG_INFO = NO;
				MTL_FAST_MATH = YES;
				SDKROOT = iphoneos;
				SWIFT_COMPILATION_MODE = wholemodule;
				SWIFT_OPTIMIZATION_LEVEL = "-O";
				VALIDATE_PRODUCT = YES;
			};
			name = Release;
		};
		92572A9D261978E6008D73C3 /* Debug */ = {
			isa = XCBuildConfiguration;
			baseConfigurationReference = 81673CFAA9B600E617ED0EEA /* Pods-AssignmentWeek1.debug.xcconfig */;
			buildSettings = {
				ASSETCATALOG_COMPILER_APPICON_NAME = AppIcon;
				ASSETCATALOG_COMPILER_GLOBAL_ACCENT_COLOR_NAME = AccentColor;
				CODE_SIGN_STYLE = Automatic;
				INFOPLIST_FILE = AssignmentWeek1/Info.plist;
				LD_RUNPATH_SEARCH_PATHS = (
					"$(inherited)",
					"@executable_path/Frameworks",
				);
				PRODUCT_BUNDLE_IDENTIFIER = soyeon.AssignmentWeek1;
				PRODUCT_NAME = "$(TARGET_NAME)";
				SWIFT_VERSION = 5.0;
				TARGETED_DEVICE_FAMILY = "1,2";
			};
			name = Debug;
		};
		92572A9E261978E6008D73C3 /* Release */ = {
			isa = XCBuildConfiguration;
			baseConfigurationReference = 3435DFA734F4955B525B572D /* Pods-AssignmentWeek1.release.xcconfig */;
			buildSettings = {
				ASSETCATALOG_COMPILER_APPICON_NAME = AppIcon;
				ASSETCATALOG_COMPILER_GLOBAL_ACCENT_COLOR_NAME = AccentColor;
				CODE_SIGN_STYLE = Automatic;
				INFOPLIST_FILE = AssignmentWeek1/Info.plist;
				LD_RUNPATH_SEARCH_PATHS = (
					"$(inherited)",
					"@executable_path/Frameworks",
				);
				PRODUCT_BUNDLE_IDENTIFIER = soyeon.AssignmentWeek1;
				PRODUCT_NAME = "$(TARGET_NAME)";
				SWIFT_VERSION = 5.0;
				TARGETED_DEVICE_FAMILY = "1,2";
			};
			name = Release;
		};
/* End XCBuildConfiguration section */

/* Begin XCConfigurationList section */
		92572A6D261978E5008D73C3 /* Build configuration list for PBXProject "AssignmentWeek1" */ = {
			isa = XCConfigurationList;
			buildConfigurations = (
				92572A9A261978E6008D73C3 /* Debug */,
				92572A9B261978E6008D73C3 /* Release */,
			);
			defaultConfigurationIsVisible = 0;
			defaultConfigurationName = Release;
		};
		92572A9C261978E6008D73C3 /* Build configuration list for PBXNativeTarget "AssignmentWeek1" */ = {
			isa = XCConfigurationList;
			buildConfigurations = (
				92572A9D261978E6008D73C3 /* Debug */,
				92572A9E261978E6008D73C3 /* Release */,
			);
			defaultConfigurationIsVisible = 0;
			defaultConfigurationName = Release;
		};
/* End XCConfigurationList section */
	};
	rootObject = 92572A6A261978E5008D73C3 /* Project object */;
}
