// !$*UTF8*$!
{
	archiveVersion = 1;
	classes = {
	};
	objectVersion = 50;
	objects = {

/* Begin PBXBuildFile section */
		9204311626260EAE00783ED5 /* UITextField.swift in Sources */ = {isa = PBXBuildFile; fileRef = 9204311526260EAE00783ED5 /* UITextField.swift */; };
		924F09F9262696EB00E19EDE /* HomeViewController.swift in Sources */ = {isa = PBXBuildFile; fileRef = 924F09F8262696EB00E19EDE /* HomeViewController.swift */; };
		92572A76261978E5008D73C3 /* AppDelegate.swift in Sources */ = {isa = PBXBuildFile; fileRef = 92572A75261978E5008D73C3 /* AppDelegate.swift */; };
		92572A78261978E5008D73C3 /* SceneDelegate.swift in Sources */ = {isa = PBXBuildFile; fileRef = 92572A77261978E5008D73C3 /* SceneDelegate.swift */; };
		92572A7A261978E5008D73C3 /* ViewController.swift in Sources */ = {isa = PBXBuildFile; fileRef = 92572A79261978E5008D73C3 /* ViewController.swift */; };
		92572A7D261978E5008D73C3 /* Main.storyboard in Resources */ = {isa = PBXBuildFile; fileRef = 92572A7B261978E5008D73C3 /* Main.storyboard */; };
		92572A7F261978E5008D73C3 /* Assets.xcassets in Resources */ = {isa = PBXBuildFile; fileRef = 92572A7E261978E5008D73C3 /* Assets.xcassets */; };
		92572A82261978E5008D73C3 /* LaunchScreen.storyboard in Resources */ = {isa = PBXBuildFile; fileRef = 92572A80261978E5008D73C3 /* LaunchScreen.storyboard */; };
		92572AAE26197D24008D73C3 /* ConfirmViewController.swift in Sources */ = {isa = PBXBuildFile; fileRef = 92572AAD26197D24008D73C3 /* ConfirmViewController.swift */; };
		92572AB626197D95008D73C3 /* SignUpViewController.swift in Sources */ = {isa = PBXBuildFile; fileRef = 92572AB526197D95008D73C3 /* SignUpViewController.swift */; };
		9286104A2622A2E1006A1CC7 /* ProfileViewController.swift in Sources */ = {isa = PBXBuildFile; fileRef = 928610492622A2E1006A1CC7 /* ProfileViewController.swift */; };
		928610552622A863006A1CC7 /* KakaoMain.storyboard in Resources */ = {isa = PBXBuildFile; fileRef = 928610542622A863006A1CC7 /* KakaoMain.storyboard */; };
		928610602622AACC006A1CC7 /* Chat.storyboard in Resources */ = {isa = PBXBuildFile; fileRef = 9286105F2622AACC006A1CC7 /* Chat.storyboard */; };
		928610752622B8FE006A1CC7 /* HashTag.storyboard in Resources */ = {isa = PBXBuildFile; fileRef = 928610742622B8FE006A1CC7 /* HashTag.storyboard */; };
		9286107A2622B921006A1CC7 /* Shopping.storyboard in Resources */ = {isa = PBXBuildFile; fileRef = 928610792622B921006A1CC7 /* Shopping.storyboard */; };
		9286107F2622B934006A1CC7 /* Setting.storyboard in Resources */ = {isa = PBXBuildFile; fileRef = 9286107E2622B934006A1CC7 /* Setting.storyboard */; };
/* End PBXBuildFile section */

/* Begin PBXFileReference section */
		9204311526260EAE00783ED5 /* UITextField.swift */ = {isa = PBXFileReference; lastKnownFileType = sourcecode.swift; name = UITextField.swift; path = AssignmentWeek1/Sources/Extensions/UITextField.swift; sourceTree = SOURCE_ROOT; };
		924F09F8262696EB00E19EDE /* HomeViewController.swift */ = {isa = PBXFileReference; fileEncoding = 4; lastKnownFileType = sourcecode.swift; path = HomeViewController.swift; sourceTree = "<group>"; };
		92572A72261978E5008D73C3 /* AssignmentWeek1.app */ = {isa = PBXFileReference; explicitFileType = wrapper.application; includeInIndex = 0; path = AssignmentWeek1.app; sourceTree = BUILT_PRODUCTS_DIR; };
		92572A75261978E5008D73C3 /* AppDelegate.swift */ = {isa = PBXFileReference; lastKnownFileType = sourcecode.swift; path = AppDelegate.swift; sourceTree = "<group>"; };
		92572A77261978E5008D73C3 /* SceneDelegate.swift */ = {isa = PBXFileReference; lastKnownFileType = sourcecode.swift; path = SceneDelegate.swift; sourceTree = "<group>"; };
		92572A79261978E5008D73C3 /* ViewController.swift */ = {isa = PBXFileReference; lastKnownFileType = sourcecode.swift; path = ViewController.swift; sourceTree = "<group>"; };
		92572A7C261978E5008D73C3 /* Base */ = {isa = PBXFileReference; lastKnownFileType = file.storyboard; name = Base; path = Base.lproj/Main.storyboard; sourceTree = "<group>"; };
		92572A7E261978E5008D73C3 /* Assets.xcassets */ = {isa = PBXFileReference; lastKnownFileType = folder.assetcatalog; path = Assets.xcassets; sourceTree = "<group>"; };
		92572A81261978E5008D73C3 /* Base */ = {isa = PBXFileReference; lastKnownFileType = file.storyboard; name = Base; path = Base.lproj/LaunchScreen.storyboard; sourceTree = "<group>"; };
		92572A83261978E5008D73C3 /* Info.plist */ = {isa = PBXFileReference; lastKnownFileType = text.plist.xml; path = Info.plist; sourceTree = "<group>"; };
		92572AAD26197D24008D73C3 /* ConfirmViewController.swift */ = {isa = PBXFileReference; lastKnownFileType = sourcecode.swift; path = ConfirmViewController.swift; sourceTree = "<group>"; };
		92572AB526197D95008D73C3 /* SignUpViewController.swift */ = {isa = PBXFileReference; lastKnownFileType = sourcecode.swift; path = SignUpViewController.swift; sourceTree = "<group>"; };
		928610492622A2E1006A1CC7 /* ProfileViewController.swift */ = {isa = PBXFileReference; lastKnownFileType = sourcecode.swift; path = ProfileViewController.swift; sourceTree = "<group>"; };
		928610542622A863006A1CC7 /* KakaoMain.storyboard */ = {isa = PBXFileReference; lastKnownFileType = file.storyboard; path = KakaoMain.storyboard; sourceTree = "<group>"; };
		9286105F2622AACC006A1CC7 /* Chat.storyboard */ = {isa = PBXFileReference; lastKnownFileType = file.storyboard; path = Chat.storyboard; sourceTree = "<group>"; };
		928610742622B8FE006A1CC7 /* HashTag.storyboard */ = {isa = PBXFileReference; lastKnownFileType = file.storyboard; path = HashTag.storyboard; sourceTree = "<group>"; };
		928610792622B921006A1CC7 /* Shopping.storyboard */ = {isa = PBXFileReference; lastKnownFileType = file.storyboard; path = Shopping.storyboard; sourceTree = "<group>"; };
		9286107E2622B934006A1CC7 /* Setting.storyboard */ = {isa = PBXFileReference; lastKnownFileType = file.storyboard; path = Setting.storyboard; sourceTree = "<group>"; };
/* End PBXFileReference section */

/* Begin PBXFrameworksBuildPhase section */
		92572A6F261978E5008D73C3 /* Frameworks */ = {
			isa = PBXFrameworksBuildPhase;
			buildActionMask = 2147483647;
			files = (
			);
			runOnlyForDeploymentPostprocessing = 0;
		};
/* End PBXFrameworksBuildPhase section */

/* Begin PBXGroup section */
		9204310A2626081000783ED5 /* Sources */ = {
			isa = PBXGroup;
			children = (
				9204311426260E5000783ED5 /* Extensions */,
				920431102626085100783ED5 /* VCs */,
				92572A75261978E5008D73C3 /* AppDelegate.swift */,
				92572A77261978E5008D73C3 /* SceneDelegate.swift */,
			);
			path = Sources;
			sourceTree = "<group>";
		};
		9204310B2626081700783ED5 /* Resources */ = {
			isa = PBXGroup;
			children = (
				9204310C2626082500783ED5 /* Storyboards */,
			);
			path = Resources;
			sourceTree = "<group>";
		};
		9204310C2626082500783ED5 /* Storyboards */ = {
			isa = PBXGroup;
			children = (
				92572A80261978E5008D73C3 /* LaunchScreen.storyboard */,
				9229F270262EDFF40087CC72 /* KakaoSB */,
				9229F26F262EDFE50087CC72 /* LogInSB */,
			);
			path = Storyboards;
			sourceTree = "<group>";
		};
		920431102626085100783ED5 /* VCs */ = {
			isa = PBXGroup;
			children = (
				9229F273262EE1040087CC72 /* KakaoVC */,
				9229F272262EE0F60087CC72 /* LogInVC */,
			);
			path = VCs;
			sourceTree = "<group>";
		};
		9204311426260E5000783ED5 /* Extensions */ = {
			isa = PBXGroup;
			children = (
				9204311526260EAE00783ED5 /* UITextField.swift */,
			);
			path = Extensions;
			sourceTree = "<group>";
		};
		9229F26F262EDFE50087CC72 /* LogInSB */ = {
			isa = PBXGroup;
			children = (
				92572A7B261978E5008D73C3 /* Main.storyboard */,
			);
			path = LogInSB;
			sourceTree = "<group>";
		};
		9229F270262EDFF40087CC72 /* KakaoSB */ = {
			isa = PBXGroup;
			children = (
				928610542622A863006A1CC7 /* KakaoMain.storyboard */,
				9286105F2622AACC006A1CC7 /* Chat.storyboard */,
				928610742622B8FE006A1CC7 /* HashTag.storyboard */,
				928610792622B921006A1CC7 /* Shopping.storyboard */,
				9286107E2622B934006A1CC7 /* Setting.storyboard */,
			);
			path = KakaoSB;
			sourceTree = "<group>";
		};
		9229F272262EE0F60087CC72 /* LogInVC */ = {
			isa = PBXGroup;
			children = (
				92572A79261978E5008D73C3 /* ViewController.swift */,
				92572AB526197D95008D73C3 /* SignUpViewController.swift */,
				92572AAD26197D24008D73C3 /* ConfirmViewController.swift */,
			);
			path = LogInVC;
			sourceTree = "<group>";
		};
		9229F273262EE1040087CC72 /* KakaoVC */ = {
			isa = PBXGroup;
			children = (
				924F09F8262696EB00E19EDE /* HomeViewController.swift */,
				928610492622A2E1006A1CC7 /* ProfileViewController.swift */,
			);
			path = KakaoVC;
			sourceTree = "<group>";
		};
		92572A69261978E5008D73C3 = {
			isa = PBXGroup;
			children = (
				92572A74261978E5008D73C3 /* AssignmentWeek1 */,
				92572A73261978E5008D73C3 /* Products */,
			);
			sourceTree = "<group>";
		};
		92572A73261978E5008D73C3 /* Products */ = {
			isa = PBXGroup;
			children = (
				92572A72261978E5008D73C3 /* AssignmentWeek1.app */,
			);
			name = Products;
			sourceTree = "<group>";
		};
		92572A74261978E5008D73C3 /* AssignmentWeek1 */ = {
			isa = PBXGroup;
			children = (
				92572A7E261978E5008D73C3 /* Assets.xcassets */,
				92572A83261978E5008D73C3 /* Info.plist */,
				9204310B2626081700783ED5 /* Resources */,
				9204310A2626081000783ED5 /* Sources */,
			);
			path = AssignmentWeek1;
			sourceTree = "<group>";
		};
/* End PBXGroup section */

/* Begin PBXNativeTarget section */
		92572A71261978E5008D73C3 /* AssignmentWeek1 */ = {
			isa = PBXNativeTarget;
			buildConfigurationList = 92572A9C261978E6008D73C3 /* Build configuration list for PBXNativeTarget "AssignmentWeek1" */;
			buildPhases = (
				92572A6E261978E5008D73C3 /* Sources */,
				92572A6F261978E5008D73C3 /* Frameworks */,
				92572A70261978E5008D73C3 /* Resources */,
			);
			buildRules = (
			);
			dependencies = (
			);
			name = AssignmentWeek1;
			productName = AssignmentWeek1;
			productReference = 92572A72261978E5008D73C3 /* AssignmentWeek1.app */;
			productType = "com.apple.product-type.application";
		};
/* End PBXNativeTarget section */

/* Begin PBXProject section */
		92572A6A261978E5008D73C3 /* Project object */ = {
			isa = PBXProject;
			attributes = {
				LastSwiftUpdateCheck = 1240;
				LastUpgradeCheck = 1240;
				TargetAttributes = {
					92572A71261978E5008D73C3 = {
						CreatedOnToolsVersion = 12.4;
					};
				};
			};
			buildConfigurationList = 92572A6D261978E5008D73C3 /* Build configuration list for PBXProject "AssignmentWeek1" */;
			compatibilityVersion = "Xcode 9.3";
			developmentRegion = en;
			hasScannedForEncodings = 0;
			knownRegions = (
				en,
				Base,
			);
			mainGroup = 92572A69261978E5008D73C3;
			productRefGroup = 92572A73261978E5008D73C3 /* Products */;
			projectDirPath = "";
			projectRoot = "";
			targets = (
				92572A71261978E5008D73C3 /* AssignmentWeek1 */,
			);
		};
/* End PBXProject section */

/* Begin PBXResourcesBuildPhase section */
		92572A70261978E5008D73C3 /* Resources */ = {
			isa = PBXResourcesBuildPhase;
			buildActionMask = 2147483647;
			files = (
				92572A82261978E5008D73C3 /* LaunchScreen.storyboard in Resources */,
				92572A7F261978E5008D73C3 /* Assets.xcassets in Resources */,
				9286107A2622B921006A1CC7 /* Shopping.storyboard in Resources */,
				928610752622B8FE006A1CC7 /* HashTag.storyboard in Resources */,
				9286107F2622B934006A1CC7 /* Setting.storyboard in Resources */,
				928610602622AACC006A1CC7 /* Chat.storyboard in Resources */,
				928610552622A863006A1CC7 /* KakaoMain.storyboard in Resources */,
				92572A7D261978E5008D73C3 /* Main.storyboard in Resources */,
			);
			runOnlyForDeploymentPostprocessing = 0;
		};
/* End PBXResourcesBuildPhase section */

/* Begin PBXSourcesBuildPhase section */
		92572A6E261978E5008D73C3 /* Sources */ = {
			isa = PBXSourcesBuildPhase;
			buildActionMask = 2147483647;
			files = (
				92572AAE26197D24008D73C3 /* ConfirmViewController.swift in Sources */,
				92572AB626197D95008D73C3 /* SignUpViewController.swift in Sources */,
				92572A7A261978E5008D73C3 /* ViewController.swift in Sources */,
				924F09F9262696EB00E19EDE /* HomeViewController.swift in Sources */,
				9204311626260EAE00783ED5 /* UITextField.swift in Sources */,
				92572A76261978E5008D73C3 /* AppDelegate.swift in Sources */,
				9286104A2622A2E1006A1CC7 /* ProfileViewController.swift in Sources */,
				92572A78261978E5008D73C3 /* SceneDelegate.swift in Sources */,
			);
			runOnlyForDeploymentPostprocessing = 0;
		};
/* End PBXSourcesBuildPhase section */

/* Begin PBXVariantGroup section */
		92572A7B261978E5008D73C3 /* Main.storyboard */ = {
			isa = PBXVariantGroup;
			children = (
				92572A7C261978E5008D73C3 /* Base */,
			);
			name = Main.storyboard;
			sourceTree = "<group>";
		};
		92572A80261978E5008D73C3 /* LaunchScreen.storyboard */ = {
			isa = PBXVariantGroup;
			children = (
				92572A81261978E5008D73C3 /* Base */,
			);
			name = LaunchScreen.storyboard;
			sourceTree = "<group>";
		};
/* End PBXVariantGroup section */

/* Begin XCBuildConfiguration section */
		92572A9A261978E6008D73C3 /* Debug */ = {
			isa = XCBuildConfiguration;
			buildSettings = {
				ALWAYS_SEARCH_USER_PATHS = NO;
				CLANG_ANALYZER_NONNULL = YES;
				CLANG_ANALYZER_NUMBER_OBJECT_CONVERSION = YES_AGGRESSIVE;
				CLANG_CXX_LANGUAGE_STANDARD = "gnu++14";
				CLANG_CXX_LIBRARY = "libc++";
				CLANG_ENABLE_MODULES = YES;
				CLANG_ENABLE_OBJC_ARC = YES;
				CLANG_ENABLE_OBJC_WEAK = YES;
				CLANG_WARN_BLOCK_CAPTURE_AUTORELEASING = YES;
				CLANG_WARN_BOOL_CONVERSION = YES;
				CLANG_WARN_COMMA = YES;
				CLANG_WARN_CONSTANT_CONVERSION = YES;
				CLANG_WARN_DEPRECATED_OBJC_IMPLEMENTATIONS = YES;
				CLANG_WARN_DIRECT_OBJC_ISA_USAGE = YES_ERROR;
				CLANG_WARN_DOCUMENTATION_COMMENTS = YES;
				CLANG_WARN_EMPTY_BODY = YES;
				CLANG_WARN_ENUM_CONVERSION = YES;
				CLANG_WARN_INFINITE_RECURSION = YES;
				CLANG_WARN_INT_CONVERSION = YES;
				CLANG_WARN_NON_LITERAL_NULL_CONVERSION = YES;
				CLANG_WARN_OBJC_IMPLICIT_RETAIN_SELF = YES;
				CLANG_WARN_OBJC_LITERAL_CONVERSION = YES;
				CLANG_WARN_OBJC_ROOT_CLASS = YES_ERROR;
				CLANG_WARN_QUOTED_INCLUDE_IN_FRAMEWORK_HEADER = YES;
				CLANG_WARN_RANGE_LOOP_ANALYSIS = YES;
				CLANG_WARN_STRICT_PROTOTYPES = YES;
				CLANG_WARN_SUSPICIOUS_MOVE = YES;
				CLANG_WARN_UNGUARDED_AVAILABILITY = YES_AGGRESSIVE;
				CLANG_WARN_UNREACHABLE_CODE = YES;
				CLANG_WARN__DUPLICATE_METHOD_MATCH = YES;
				COPY_PHASE_STRIP = NO;
				DEBUG_INFORMATION_FORMAT = dwarf;
				ENABLE_STRICT_OBJC_MSGSEND = YES;
				ENABLE_TESTABILITY = YES;
				GCC_C_LANGUAGE_STANDARD = gnu11;
				GCC_DYNAMIC_NO_PIC = NO;
				GCC_NO_COMMON_BLOCKS = YES;
				GCC_OPTIMIZATION_LEVEL = 0;
				GCC_PREPROCESSOR_DEFINITIONS = (
					"DEBUG=1",
					"$(inherited)",
				);
				GCC_WARN_64_TO_32_BIT_CONVERSION = YES;
				GCC_WARN_ABOUT_RETURN_TYPE = YES_ERROR;
				GCC_WARN_UNDECLARED_SELECTOR = YES;
				GCC_WARN_UNINITIALIZED_AUTOS = YES_AGGRESSIVE;
				GCC_WARN_UNUSED_FUNCTION = YES;
				GCC_WARN_UNUSED_VARIABLE = YES;
				IPHONEOS_DEPLOYMENT_TARGET = 14.4;
				MTL_ENABLE_DEBUG_INFO = INCLUDE_SOURCE;
				MTL_FAST_MATH = YES;
				ONLY_ACTIVE_ARCH = YES;
				SDKROOT = iphoneos;
				SWIFT_ACTIVE_COMPILATION_CONDITIONS = DEBUG;
				SWIFT_OPTIMIZATION_LEVEL = "-Onone";
			};
			name = Debug;
		};
		92572A9B261978E6008D73C3 /* Release */ = {
			isa = XCBuildConfiguration;
			buildSettings = {
				ALWAYS_SEARCH_USER_PATHS = NO;
				CLANG_ANALYZER_NONNULL = YES;
				CLANG_ANALYZER_NUMBER_OBJECT_CONVERSION = YES_AGGRESSIVE;
				CLANG_CXX_LANGUAGE_STANDARD = "gnu++14";
				CLANG_CXX_LIBRARY = "libc++";
				CLANG_ENABLE_MODULES = YES;
				CLANG_ENABLE_OBJC_ARC = YES;
				CLANG_ENABLE_OBJC_WEAK = YES;
				CLANG_WARN_BLOCK_CAPTURE_AUTORELEASING = YES;
				CLANG_WARN_BOOL_CONVERSION = YES;
				CLANG_WARN_COMMA = YES;
				CLANG_WARN_CONSTANT_CONVERSION = YES;
				CLANG_WARN_DEPRECATED_OBJC_IMPLEMENTATIONS = YES;
				CLANG_WARN_DIRECT_OBJC_ISA_USAGE = YES_ERROR;
				CLANG_WARN_DOCUMENTATION_COMMENTS = YES;
				CLANG_WARN_EMPTY_BODY = YES;
				CLANG_WARN_ENUM_CONVERSION = YES;
				CLANG_WARN_INFINITE_RECURSION = YES;
				CLANG_WARN_INT_CONVERSION = YES;
				CLANG_WARN_NON_LITERAL_NULL_CONVERSION = YES;
				CLANG_WARN_OBJC_IMPLICIT_RETAIN_SELF = YES;
				CLANG_WARN_OBJC_LITERAL_CONVERSION = YES;
				CLANG_WARN_OBJC_ROOT_CLASS = YES_ERROR;
				CLANG_WARN_QUOTED_INCLUDE_IN_FRAMEWORK_HEADER = YES;
				CLANG_WARN_RANGE_LOOP_ANALYSIS = YES;
				CLANG_WARN_STRICT_PROTOTYPES = YES;
				CLANG_WARN_SUSPICIOUS_MOVE = YES;
				CLANG_WARN_UNGUARDED_AVAILABILITY = YES_AGGRESSIVE;
				CLANG_WARN_UNREACHABLE_CODE = YES;
				CLANG_WARN__DUPLICATE_METHOD_MATCH = YES;
				COPY_PHASE_STRIP = NO;
				DEBUG_INFORMATION_FORMAT = "dwarf-with-dsym";
				ENABLE_NS_ASSERTIONS = NO;
				ENABLE_STRICT_OBJC_MSGSEND = YES;
				GCC_C_LANGUAGE_STANDARD = gnu11;
				GCC_NO_COMMON_BLOCKS = YES;
				GCC_WARN_64_TO_32_BIT_CONVERSION = YES;
				GCC_WARN_ABOUT_RETURN_TYPE = YES_ERROR;
				GCC_WARN_UNDECLARED_SELECTOR = YES;
				GCC_WARN_UNINITIALIZED_AUTOS = YES_AGGRESSIVE;
				GCC_WARN_UNUSED_FUNCTION = YES;
				GCC_WARN_UNUSED_VARIABLE = YES;
				IPHONEOS_DEPLOYMENT_TARGET = 14.4;
				MTL_ENABLE_DEBUG_INFO = NO;
				MTL_FAST_MATH = YES;
				SDKROOT = iphoneos;
				SWIFT_COMPILATION_MODE = wholemodule;
				SWIFT_OPTIMIZATION_LEVEL = "-O";
				VALIDATE_PRODUCT = YES;
			};
			name = Release;
		};
		92572A9D261978E6008D73C3 /* Debug */ = {
			isa = XCBuildConfiguration;
			buildSettings = {
				ASSETCATALOG_COMPILER_APPICON_NAME = AppIcon;
				ASSETCATALOG_COMPILER_GLOBAL_ACCENT_COLOR_NAME = AccentColor;
				CODE_SIGN_STYLE = Automatic;
				INFOPLIST_FILE = AssignmentWeek1/Info.plist;
				LD_RUNPATH_SEARCH_PATHS = (
					"$(inherited)",
					"@executable_path/Frameworks",
				);
				PRODUCT_BUNDLE_IDENTIFIER = soyeon.AssignmentWeek1;
				PRODUCT_NAME = "$(TARGET_NAME)";
				SWIFT_VERSION = 5.0;
				TARGETED_DEVICE_FAMILY = "1,2";
			};
			name = Debug;
		};
		92572A9E261978E6008D73C3 /* Release */ = {
			isa = XCBuildConfiguration;
			buildSettings = {
				ASSETCATALOG_COMPILER_APPICON_NAME = AppIcon;
				ASSETCATALOG_COMPILER_GLOBAL_ACCENT_COLOR_NAME = AccentColor;
				CODE_SIGN_STYLE = Automatic;
				INFOPLIST_FILE = AssignmentWeek1/Info.plist;
				LD_RUNPATH_SEARCH_PATHS = (
					"$(inherited)",
					"@executable_path/Frameworks",
				);
				PRODUCT_BUNDLE_IDENTIFIER = soyeon.AssignmentWeek1;
				PRODUCT_NAME = "$(TARGET_NAME)";
				SWIFT_VERSION = 5.0;
				TARGETED_DEVICE_FAMILY = "1,2";
			};
			name = Release;
		};
/* End XCBuildConfiguration section */

/* Begin XCConfigurationList section */
		92572A6D261978E5008D73C3 /* Build configuration list for PBXProject "AssignmentWeek1" */ = {
			isa = XCConfigurationList;
			buildConfigurations = (
				92572A9A261978E6008D73C3 /* Debug */,
				92572A9B261978E6008D73C3 /* Release */,
			);
			defaultConfigurationIsVisible = 0;
			defaultConfigurationName = Release;
		};
		92572A9C261978E6008D73C3 /* Build configuration list for PBXNativeTarget "AssignmentWeek1" */ = {
			isa = XCConfigurationList;
			buildConfigurations = (
				92572A9D261978E6008D73C3 /* Debug */,
				92572A9E261978E6008D73C3 /* Release */,
			);
			defaultConfigurationIsVisible = 0;
			defaultConfigurationName = Release;
		};
/* End XCConfigurationList section */
	};
	rootObject = 92572A6A261978E5008D73C3 /* Project object */;
}
